
Microsoft Visual Studio Solution File, Format Version 12.00
# Visual Studio Version 17
VisualStudioVersion = 17.1.32421.90
MinimumVisualStudioVersion = 10.0.40219.1
Project("{FAE04EC0-301F-11D3-BF4B-00C04F79EFBC}") = "Common", "Common\Common.csproj", "{9B747803-8500-4115-953E-CE7CBF2A14C2}"
EndProject
Project("{FAE04EC0-301F-11D3-BF4B-00C04F79EFBC}") = "ColorButton", "CxViewerColorButton\ColorButton.csproj", "{DEFBE28B-3B2E-4324-BBAE-9B9783A29607}"
EndProject
Project("{FAE04EC0-301F-11D3-BF4B-00C04F79EFBC}") = "DgvFilterPopup", "CxViewerDgvFilterPopup\DgvFilterPopup.csproj", "{4B9BE5FD-303E-4270-9C4D-FA3BDE6C34EB}"
EndProject
Project("{2150E333-8FDC-42A3-9474-1A3956D46DE8}") = "Solution Items", "Solution Items", "{9C584D8A-BBA0-4266-8F44-E24253C2604F}"
	ProjectSection(SolutionItems) = preProject
		.editorconfig = .editorconfig
	EndProjectSection
EndProject
Project("{D954291E-2A0B-460D-934E-DC6B0785DB48}") = "CxViewerActionShared", "CxActionShared\CxViewerActionShared.shproj", "{B74CC9B3-FA06-4F2D-9563-729D22587FF6}"
EndProject
Project("{FAE04EC0-301F-11D3-BF4B-00C04F79EFBC}") = "CxViewerAction2019", "CxViewerAction2019\CxViewerAction2019.csproj", "{3F7B5740-0C62-4CFB-883A-02B5722DAE37}"
EndProject
Project("{FAE04EC0-301F-11D3-BF4B-00C04F79EFBC}") = "CxViewerAction2022", "CxViewerAction2022\CxViewerAction2022.csproj", "{A72637BF-C2D9-4EAC-8392-A98CD6CB8A2A}"
EndProject
Project("{FAE04EC0-301F-11D3-BF4B-00C04F79EFBC}") = "CxViewerVSIX-2019", "CxViewerVSIX-2019\CxViewerVSIX-2019.csproj", "{9BCBF168-42B3-4213-9353-79E4683C0308}"
EndProject
Project("{FAE04EC0-301F-11D3-BF4B-00C04F79EFBC}") = "CxViewerVSIX-2022", "CxViewerVSIX-2022\CxViewerVSIX-2022.csproj", "{49A28A68-F1E8-4FE2-8260-D3D157B61FB2}"
EndProject
Project("{D954291E-2A0B-460D-934E-DC6B0785DB48}") = "CxViewerShared", "CxViewerShared\CxViewerShared.shproj", "{0627D27E-4065-4B98-94A7-01F77F1357E1}"
EndProject
Global
	GlobalSection(SharedMSBuildProjectFiles) = preSolution
		CxViewerShared\CxViewerShared.projitems*{0627d27e-4065-4b98-94a7-01f77f1357e1}*SharedItemsImports = 13
		CxActionShared\CxActionShared.projitems*{3f7b5740-0c62-4cfb-883a-02b5722dae37}*SharedItemsImports = 4
		CxViewerShared\CxViewerShared.projitems*{49a28a68-f1e8-4fe2-8260-d3d157b61fb2}*SharedItemsImports = 4
		CxViewerShared\CxViewerShared.projitems*{9bcbf168-42b3-4213-9353-79e4683c0308}*SharedItemsImports = 4
		CxActionShared\CxActionShared.projitems*{a72637bf-c2d9-4eac-8392-a98cd6cb8a2a}*SharedItemsImports = 4
		CxActionShared\CxActionShared.projitems*{b74cc9b3-fa06-4f2d-9563-729d22587ff6}*SharedItemsImports = 13
	EndGlobalSection
	GlobalSection(SolutionConfigurationPlatforms) = preSolution
		Build|Any CPU = Build|Any CPU
		Build|x64 = Build|x64
		Build|x86 = Build|x86
		Debug|Any CPU = Debug|Any CPU
		Debug|x64 = Debug|x64
		Debug|x86 = Debug|x86
		Release|Any CPU = Release|Any CPU
		Release|x64 = Release|x64
		Release|x86 = Release|x86
	EndGlobalSection
	GlobalSection(ProjectConfigurationPlatforms) = postSolution
		{9B747803-8500-4115-953E-CE7CBF2A14C2}.Build|Any CPU.ActiveCfg = Release|Any CPU
		{9B747803-8500-4115-953E-CE7CBF2A14C2}.Build|Any CPU.Build.0 = Release|Any CPU
		{9B747803-8500-4115-953E-CE7CBF2A14C2}.Build|x64.ActiveCfg = Debug|Any CPU
		{9B747803-8500-4115-953E-CE7CBF2A14C2}.Build|x64.Build.0 = Debug|Any CPU
		{9B747803-8500-4115-953E-CE7CBF2A14C2}.Build|x86.ActiveCfg = Release|Any CPU
		{9B747803-8500-4115-953E-CE7CBF2A14C2}.Build|x86.Build.0 = Release|Any CPU
		{9B747803-8500-4115-953E-CE7CBF2A14C2}.Debug|Any CPU.ActiveCfg = Debug|Any CPU
		{9B747803-8500-4115-953E-CE7CBF2A14C2}.Debug|Any CPU.Build.0 = Debug|Any CPU
		{9B747803-8500-4115-953E-CE7CBF2A14C2}.Debug|x64.ActiveCfg = Debug|Any CPU
		{9B747803-8500-4115-953E-CE7CBF2A14C2}.Debug|x64.Build.0 = Debug|Any CPU
		{9B747803-8500-4115-953E-CE7CBF2A14C2}.Debug|x86.ActiveCfg = Debug|Any CPU
		{9B747803-8500-4115-953E-CE7CBF2A14C2}.Debug|x86.Build.0 = Debug|Any CPU
		{9B747803-8500-4115-953E-CE7CBF2A14C2}.Release|Any CPU.ActiveCfg = Release|Any CPU
		{9B747803-8500-4115-953E-CE7CBF2A14C2}.Release|Any CPU.Build.0 = Release|Any CPU
		{9B747803-8500-4115-953E-CE7CBF2A14C2}.Release|x64.ActiveCfg = Release|Any CPU
		{9B747803-8500-4115-953E-CE7CBF2A14C2}.Release|x64.Build.0 = Release|Any CPU
		{9B747803-8500-4115-953E-CE7CBF2A14C2}.Release|x86.ActiveCfg = Release|Any CPU
		{9B747803-8500-4115-953E-CE7CBF2A14C2}.Release|x86.Build.0 = Release|Any CPU
		{DEFBE28B-3B2E-4324-BBAE-9B9783A29607}.Build|Any CPU.ActiveCfg = Build|Any CPU
		{DEFBE28B-3B2E-4324-BBAE-9B9783A29607}.Build|Any CPU.Build.0 = Build|Any CPU
		{DEFBE28B-3B2E-4324-BBAE-9B9783A29607}.Build|x64.ActiveCfg = Build|Any CPU
		{DEFBE28B-3B2E-4324-BBAE-9B9783A29607}.Build|x64.Build.0 = Build|Any CPU
		{DEFBE28B-3B2E-4324-BBAE-9B9783A29607}.Build|x86.ActiveCfg = Build|x86
		{DEFBE28B-3B2E-4324-BBAE-9B9783A29607}.Build|x86.Build.0 = Build|x86
		{DEFBE28B-3B2E-4324-BBAE-9B9783A29607}.Debug|Any CPU.ActiveCfg = Debug|Any CPU
		{DEFBE28B-3B2E-4324-BBAE-9B9783A29607}.Debug|Any CPU.Build.0 = Debug|Any CPU
		{DEFBE28B-3B2E-4324-BBAE-9B9783A29607}.Debug|x64.ActiveCfg = Debug|Any CPU
		{DEFBE28B-3B2E-4324-BBAE-9B9783A29607}.Debug|x64.Build.0 = Debug|Any CPU
		{DEFBE28B-3B2E-4324-BBAE-9B9783A29607}.Debug|x86.ActiveCfg = Debug|x86
		{DEFBE28B-3B2E-4324-BBAE-9B9783A29607}.Debug|x86.Build.0 = Debug|x86
		{DEFBE28B-3B2E-4324-BBAE-9B9783A29607}.Release|Any CPU.ActiveCfg = Release|Any CPU
		{DEFBE28B-3B2E-4324-BBAE-9B9783A29607}.Release|Any CPU.Build.0 = Release|Any CPU
		{DEFBE28B-3B2E-4324-BBAE-9B9783A29607}.Release|x64.ActiveCfg = Release|Any CPU
		{DEFBE28B-3B2E-4324-BBAE-9B9783A29607}.Release|x64.Build.0 = Release|Any CPU
		{DEFBE28B-3B2E-4324-BBAE-9B9783A29607}.Release|x86.ActiveCfg = Release|x86
		{DEFBE28B-3B2E-4324-BBAE-9B9783A29607}.Release|x86.Build.0 = Release|x86
		{4B9BE5FD-303E-4270-9C4D-FA3BDE6C34EB}.Build|Any CPU.ActiveCfg = Build|Any CPU
		{4B9BE5FD-303E-4270-9C4D-FA3BDE6C34EB}.Build|Any CPU.Build.0 = Build|Any CPU
		{4B9BE5FD-303E-4270-9C4D-FA3BDE6C34EB}.Build|x64.ActiveCfg = Build|Any CPU
		{4B9BE5FD-303E-4270-9C4D-FA3BDE6C34EB}.Build|x64.Build.0 = Build|Any CPU
		{4B9BE5FD-303E-4270-9C4D-FA3BDE6C34EB}.Build|x86.ActiveCfg = Build|Any CPU
		{4B9BE5FD-303E-4270-9C4D-FA3BDE6C34EB}.Build|x86.Build.0 = Build|Any CPU
		{4B9BE5FD-303E-4270-9C4D-FA3BDE6C34EB}.Debug|Any CPU.ActiveCfg = Debug|Any CPU
		{4B9BE5FD-303E-4270-9C4D-FA3BDE6C34EB}.Debug|Any CPU.Build.0 = Debug|Any CPU
		{4B9BE5FD-303E-4270-9C4D-FA3BDE6C34EB}.Debug|x64.ActiveCfg = Debug|Any CPU
		{4B9BE5FD-303E-4270-9C4D-FA3BDE6C34EB}.Debug|x64.Build.0 = Debug|Any CPU
		{4B9BE5FD-303E-4270-9C4D-FA3BDE6C34EB}.Debug|x86.ActiveCfg = Debug|Any CPU
		{4B9BE5FD-303E-4270-9C4D-FA3BDE6C34EB}.Debug|x86.Build.0 = Debug|Any CPU
		{4B9BE5FD-303E-4270-9C4D-FA3BDE6C34EB}.Release|Any CPU.ActiveCfg = Release|Any CPU
		{4B9BE5FD-303E-4270-9C4D-FA3BDE6C34EB}.Release|Any CPU.Build.0 = Release|Any CPU
		{4B9BE5FD-303E-4270-9C4D-FA3BDE6C34EB}.Release|x64.ActiveCfg = Release|Any CPU
		{4B9BE5FD-303E-4270-9C4D-FA3BDE6C34EB}.Release|x64.Build.0 = Release|Any CPU
		{4B9BE5FD-303E-4270-9C4D-FA3BDE6C34EB}.Release|x86.ActiveCfg = Release|Any CPU
		{4B9BE5FD-303E-4270-9C4D-FA3BDE6C34EB}.Release|x86.Build.0 = Release|Any CPU
		{3F7B5740-0C62-4CFB-883A-02B5722DAE37}.Build|Any CPU.ActiveCfg = Build|Any CPU
		{3F7B5740-0C62-4CFB-883A-02B5722DAE37}.Build|Any CPU.Build.0 = Build|Any CPU
		{3F7B5740-0C62-4CFB-883A-02B5722DAE37}.Build|x64.ActiveCfg = Build|x64
		{3F7B5740-0C62-4CFB-883A-02B5722DAE37}.Build|x64.Build.0 = Build|x64
		{3F7B5740-0C62-4CFB-883A-02B5722DAE37}.Build|x86.ActiveCfg = Build|x86
		{3F7B5740-0C62-4CFB-883A-02B5722DAE37}.Build|x86.Build.0 = Build|x86
		{3F7B5740-0C62-4CFB-883A-02B5722DAE37}.Debug|Any CPU.ActiveCfg = Debug|x64
		{3F7B5740-0C62-4CFB-883A-02B5722DAE37}.Debug|Any CPU.Build.0 = Debug|x64
		{3F7B5740-0C62-4CFB-883A-02B5722DAE37}.Debug|x64.ActiveCfg = Debug|x64
		{3F7B5740-0C62-4CFB-883A-02B5722DAE37}.Debug|x64.Build.0 = Debug|x64
		{3F7B5740-0C62-4CFB-883A-02B5722DAE37}.Debug|x86.ActiveCfg = Debug|x86
		{3F7B5740-0C62-4CFB-883A-02B5722DAE37}.Debug|x86.Build.0 = Debug|x86
		{3F7B5740-0C62-4CFB-883A-02B5722DAE37}.Release|Any CPU.ActiveCfg = Release|x64
		{3F7B5740-0C62-4CFB-883A-02B5722DAE37}.Release|Any CPU.Build.0 = Release|x64
		{3F7B5740-0C62-4CFB-883A-02B5722DAE37}.Release|x64.ActiveCfg = Release|x64
		{3F7B5740-0C62-4CFB-883A-02B5722DAE37}.Release|x64.Build.0 = Release|x64
		{3F7B5740-0C62-4CFB-883A-02B5722DAE37}.Release|x86.ActiveCfg = Release|x86
		{3F7B5740-0C62-4CFB-883A-02B5722DAE37}.Release|x86.Build.0 = Release|x86
		{A72637BF-C2D9-4EAC-8392-A98CD6CB8A2A}.Build|Any CPU.ActiveCfg = Build|Any CPU
		{A72637BF-C2D9-4EAC-8392-A98CD6CB8A2A}.Build|Any CPU.Build.0 = Build|Any CPU
		{A72637BF-C2D9-4EAC-8392-A98CD6CB8A2A}.Build|x64.ActiveCfg = Build|x64
		{A72637BF-C2D9-4EAC-8392-A98CD6CB8A2A}.Build|x64.Build.0 = Build|x64
		{A72637BF-C2D9-4EAC-8392-A98CD6CB8A2A}.Build|x86.ActiveCfg = Build|x86
		{A72637BF-C2D9-4EAC-8392-A98CD6CB8A2A}.Build|x86.Build.0 = Build|x86
		{A72637BF-C2D9-4EAC-8392-A98CD6CB8A2A}.Debug|Any CPU.ActiveCfg = Debug|x64
		{A72637BF-C2D9-4EAC-8392-A98CD6CB8A2A}.Debug|Any CPU.Build.0 = Debug|x64
		{A72637BF-C2D9-4EAC-8392-A98CD6CB8A2A}.Debug|x64.ActiveCfg = Debug|x64
		{A72637BF-C2D9-4EAC-8392-A98CD6CB8A2A}.Debug|x64.Build.0 = Debug|x64
		{A72637BF-C2D9-4EAC-8392-A98CD6CB8A2A}.Debug|x86.ActiveCfg = Debug|x86
		{A72637BF-C2D9-4EAC-8392-A98CD6CB8A2A}.Debug|x86.Build.0 = Debug|x86
		{A72637BF-C2D9-4EAC-8392-A98CD6CB8A2A}.Release|Any CPU.ActiveCfg = Release|x64
		{A72637BF-C2D9-4EAC-8392-A98CD6CB8A2A}.Release|Any CPU.Build.0 = Release|x64
		{A72637BF-C2D9-4EAC-8392-A98CD6CB8A2A}.Release|x64.ActiveCfg = Release|x64
		{A72637BF-C2D9-4EAC-8392-A98CD6CB8A2A}.Release|x64.Build.0 = Release|x64
		{A72637BF-C2D9-4EAC-8392-A98CD6CB8A2A}.Release|x86.ActiveCfg = Release|x86
		{A72637BF-C2D9-4EAC-8392-A98CD6CB8A2A}.Release|x86.Build.0 = Release|x86
		{9BCBF168-42B3-4213-9353-79E4683C0308}.Build|Any CPU.ActiveCfg = Release|Any CPU
		{9BCBF168-42B3-4213-9353-79E4683C0308}.Build|Any CPU.Build.0 = Release|Any CPU
		{9BCBF168-42B3-4213-9353-79E4683C0308}.Build|x64.ActiveCfg = Release|Any CPU
		{9BCBF168-42B3-4213-9353-79E4683C0308}.Build|x64.Build.0 = Release|Any CPU
		{9BCBF168-42B3-4213-9353-79E4683C0308}.Build|x86.ActiveCfg = Release|x86
		{9BCBF168-42B3-4213-9353-79E4683C0308}.Build|x86.Build.0 = Release|x86
		{9BCBF168-42B3-4213-9353-79E4683C0308}.Debug|Any CPU.ActiveCfg = Debug|Any CPU
		{9BCBF168-42B3-4213-9353-79E4683C0308}.Debug|Any CPU.Build.0 = Debug|Any CPU
		{9BCBF168-42B3-4213-9353-79E4683C0308}.Debug|x64.ActiveCfg = Debug|Any CPU
		{9BCBF168-42B3-4213-9353-79E4683C0308}.Debug|x64.Build.0 = Debug|Any CPU
		{9BCBF168-42B3-4213-9353-79E4683C0308}.Debug|x86.ActiveCfg = Debug|x86
		{9BCBF168-42B3-4213-9353-79E4683C0308}.Debug|x86.Build.0 = Debug|x86
		{9BCBF168-42B3-4213-9353-79E4683C0308}.Release|Any CPU.ActiveCfg = Release|Any CPU
		{9BCBF168-42B3-4213-9353-79E4683C0308}.Release|Any CPU.Build.0 = Release|Any CPU
		{9BCBF168-42B3-4213-9353-79E4683C0308}.Release|x64.ActiveCfg = Release|Any CPU
		{9BCBF168-42B3-4213-9353-79E4683C0308}.Release|x64.Build.0 = Release|Any CPU
		{9BCBF168-42B3-4213-9353-79E4683C0308}.Release|x86.ActiveCfg = Release|x86
		{9BCBF168-42B3-4213-9353-79E4683C0308}.Release|x86.Build.0 = Release|x86
		{49A28A68-F1E8-4FE2-8260-D3D157B61FB2}.Build|Any CPU.ActiveCfg = Debug|Any CPU
		{49A28A68-F1E8-4FE2-8260-D3D157B61FB2}.Build|Any CPU.Build.0 = Debug|Any CPU
		{49A28A68-F1E8-4FE2-8260-D3D157B61FB2}.Build|x64.ActiveCfg = Debug|x64
		{49A28A68-F1E8-4FE2-8260-D3D157B61FB2}.Build|x64.Build.0 = Debug|x64
		{49A28A68-F1E8-4FE2-8260-D3D157B61FB2}.Build|x86.ActiveCfg = Debug|x86
		{49A28A68-F1E8-4FE2-8260-D3D157B61FB2}.Build|x86.Build.0 = Debug|x86
		{49A28A68-F1E8-4FE2-8260-D3D157B61FB2}.Debug|Any CPU.ActiveCfg = Debug|Any CPU
		{49A28A68-F1E8-4FE2-8260-D3D157B61FB2}.Debug|Any CPU.Build.0 = Debug|Any CPU
		{49A28A68-F1E8-4FE2-8260-D3D157B61FB2}.Debug|x64.ActiveCfg = Debug|x64
		{49A28A68-F1E8-4FE2-8260-D3D157B61FB2}.Debug|x64.Build.0 = Debug|x64
		{49A28A68-F1E8-4FE2-8260-D3D157B61FB2}.Debug|x86.ActiveCfg = Debug|x86
		{49A28A68-F1E8-4FE2-8260-D3D157B61FB2}.Debug|x86.Build.0 = Debug|x86
		{49A28A68-F1E8-4FE2-8260-D3D157B61FB2}.Release|Any CPU.ActiveCfg = Release|Any CPU
		{49A28A68-F1E8-4FE2-8260-D3D157B61FB2}.Release|Any CPU.Build.0 = Release|Any CPU
		{49A28A68-F1E8-4FE2-8260-D3D157B61FB2}.Release|x64.ActiveCfg = Release|x64
		{49A28A68-F1E8-4FE2-8260-D3D157B61FB2}.Release|x64.Build.0 = Release|x64
		{49A28A68-F1E8-4FE2-8260-D3D157B61FB2}.Release|x86.ActiveCfg = Release|x86
		{49A28A68-F1E8-4FE2-8260-D3D157B61FB2}.Release|x86.Build.0 = Release|x86
	EndGlobalSection
	GlobalSection(SolutionProperties) = preSolution
		HideSolutionNode = FALSE
	EndGlobalSection
	GlobalSection(ExtensibilityGlobals) = postSolution
		SolutionGuid = {3A7D1BD1-CBAD-4801-9BC2-7120E0EA84CF}
	EndGlobalSection
EndGlobal
